
Microsoft Visual Studio Solution File, Format Version 12.00
# Visual Studio Version 16
VisualStudioVersion = 16.0.29519.87
MinimumVisualStudioVersion = 10.0.40219.1
Project("{9A19103F-16F7-4668-BE54-9A1E7A4F7556}") = "List1", "List1\List1.csproj", "{E326FB14-B064-4B48-B564-2C2B36C232C4}"
EndProject
Project("{9A19103F-16F7-4668-BE54-9A1E7A4F7556}") = "List1UnitTest", "List1UnitTest\List1UnitTest.csproj", "{AC96D82F-B6E2-43DA-8EC7-537D72369117}"
EndProject
Project("{2150E333-8FDC-42A3-9474-1A3956D46DE8}") = "Solution Items", "Solution Items", "{1D9F62D1-EABB-442E-B56C-8F6C9D86EC2B}"
EndProject
Global
	GlobalSection(SolutionConfigurationPlatforms) = preSolution
		Debug|Any CPU = Debug|Any CPU
		Release|Any CPU = Release|Any CPU
	EndGlobalSection
	GlobalSection(ProjectConfigurationPlatforms) = postSolution
		{E326FB14-B064-4B48-B564-2C2B36C232C4}.Debug|Any CPU.ActiveCfg = Debug|Any CPU
		{E326FB14-B064-4B48-B564-2C2B36C232C4}.Debug|Any CPU.Build.0 = Debug|Any CPU
		{E326FB14-B064-4B48-B564-2C2B36C232C4}.Release|Any CPU.ActiveCfg = Release|Any CPU
		{E326FB14-B064-4B48-B564-2C2B36C232C4}.Release|Any CPU.Build.0 = Release|Any CPU
		{AC96D82F-B6E2-43DA-8EC7-537D72369117}.Debug|Any CPU.ActiveCfg = Debug|Any CPU
		{AC96D82F-B6E2-43DA-8EC7-537D72369117}.Debug|Any CPU.Build.0 = Debug|Any CPU
		{AC96D82F-B6E2-43DA-8EC7-537D72369117}.Release|Any CPU.ActiveCfg = Release|Any CPU
		{AC96D82F-B6E2-43DA-8EC7-537D72369117}.Release|Any CPU.Build.0 = Release|Any CPU
	EndGlobalSection
	GlobalSection(SolutionProperties) = preSolution
		HideSolutionNode = FALSE
	EndGlobalSection
	GlobalSection(ExtensibilityGlobals) = postSolution
		SolutionGuid = {5864559D-7832-466E-8761-1877ADA0800F}
	EndGlobalSection
EndGlobal
