
Microsoft Visual Studio Solution File, Format Version 12.00
# Visual Studio Version 16
VisualStudioVersion = 16.0.29709.97
MinimumVisualStudioVersion = 10.0.40219.1
Project("{FAE04EC0-301F-11D3-BF4B-00C04F79EFBC}") = "AbstractClasses", "AbstractClasses\AbstractClasses.csproj", "{3AFEC42E-FA85-4410-B718-DA016265834E}"
EndProject
Global
	GlobalSection(SolutionConfigurationPlatforms) = preSolution
		Debug|Any CPU = Debug|Any CPU
		Release|Any CPU = Release|Any CPU
	EndGlobalSection
	GlobalSection(ProjectConfigurationPlatforms) = postSolution
		{3AFEC42E-FA85-4410-B718-DA016265834E}.Debug|Any CPU.ActiveCfg = Debug|Any CPU
		{3AFEC42E-FA85-4410-B718-DA016265834E}.Debug|Any CPU.Build.0 = Debug|Any CPU
		{3AFEC42E-FA85-4410-B718-DA016265834E}.Release|Any CPU.ActiveCfg = Release|Any CPU
		{3AFEC42E-FA85-4410-B718-DA016265834E}.Release|Any CPU.Build.0 = Release|Any CPU
	EndGlobalSection
	GlobalSection(SolutionProperties) = preSolution
		HideSolutionNode = FALSE
	EndGlobalSection
	GlobalSection(ExtensibilityGlobals) = postSolution
		SolutionGuid = {2264D76C-AA60-46B9-8F10-310E7ED10810}
	EndGlobalSection
EndGlobal
