
Microsoft Visual Studio Solution File, Format Version 12.00
# Visual Studio Version 16
VisualStudioVersion = 16.0.29709.97
MinimumVisualStudioVersion = 10.0.40219.1
Project("{FAE04EC0-301F-11D3-BF4B-00C04F79EFBC}") = "FileOc", "FileOc\FileOc.csproj", "{E96C0B52-3C80-4678-B1FF-44423FC1D703}"
EndProject
Global
	GlobalSection(SolutionConfigurationPlatforms) = preSolution
		Debug|Any CPU = Debug|Any CPU
		Release|Any CPU = Release|Any CPU
	EndGlobalSection
	GlobalSection(ProjectConfigurationPlatforms) = postSolution
		{E96C0B52-3C80-4678-B1FF-44423FC1D703}.Debug|Any CPU.ActiveCfg = Debug|Any CPU
		{E96C0B52-3C80-4678-B1FF-44423FC1D703}.Debug|Any CPU.Build.0 = Debug|Any CPU
		{E96C0B52-3C80-4678-B1FF-44423FC1D703}.Release|Any CPU.ActiveCfg = Release|Any CPU
		{E96C0B52-3C80-4678-B1FF-44423FC1D703}.Release|Any CPU.Build.0 = Release|Any CPU
	EndGlobalSection
	GlobalSection(SolutionProperties) = preSolution
		HideSolutionNode = FALSE
	EndGlobalSection
	GlobalSection(ExtensibilityGlobals) = postSolution
		SolutionGuid = {DBA5E08F-DC0B-4B67-A936-C73BC859F4B7}
	EndGlobalSection
EndGlobal
