
Microsoft Visual Studio Solution File, Format Version 12.00
# Visual Studio Version 16
VisualStudioVersion = 16.0.30907.101
MinimumVisualStudioVersion = 10.0.40219.1
Project("{FAE04EC0-301F-11D3-BF4B-00C04F79EFBC}") = "Calculator", "Calculator\Calculator.csproj", "{2163C693-F732-4022-95CA-BAE7DE2B0941}"
EndProject
Global
	GlobalSection(SolutionConfigurationPlatforms) = preSolution
		Debug|Any CPU = Debug|Any CPU
		Release|Any CPU = Release|Any CPU
	EndGlobalSection
	GlobalSection(ProjectConfigurationPlatforms) = postSolution
		{2163C693-F732-4022-95CA-BAE7DE2B0941}.Debug|Any CPU.ActiveCfg = Debug|Any CPU
		{2163C693-F732-4022-95CA-BAE7DE2B0941}.Debug|Any CPU.Build.0 = Debug|Any CPU
		{2163C693-F732-4022-95CA-BAE7DE2B0941}.Release|Any CPU.ActiveCfg = Release|Any CPU
		{2163C693-F732-4022-95CA-BAE7DE2B0941}.Release|Any CPU.Build.0 = Release|Any CPU
	EndGlobalSection
	GlobalSection(SolutionProperties) = preSolution
		HideSolutionNode = FALSE
	EndGlobalSection
	GlobalSection(ExtensibilityGlobals) = postSolution
		SolutionGuid = {20BED63F-8101-4BF0-B9C4-AE62AFC1E91B}
	EndGlobalSection
EndGlobal
