
Microsoft Visual Studio Solution File, Format Version 12.00
# Visual Studio Version 16
VisualStudioVersion = 16.0.29709.97
MinimumVisualStudioVersion = 10.0.40219.1
Project("{9A19103F-16F7-4668-BE54-9A1E7A4F7556}") = "LinearDataStructures", "LinearDataStructures\LinearDataStructures.csproj", "{21C5F2BC-D231-4DAD-8288-38F3A5F35B00}"
EndProject
Project("{FAE04EC0-301F-11D3-BF4B-00C04F79EFBC}") = "LinearDataStructersUnitTest", "LinearDataStructersUnitTest\LinearDataStructersUnitTest.csproj", "{5E9BDB46-B018-4015-AE34-9BE6F0E29185}"
EndProject
Global
	GlobalSection(SolutionConfigurationPlatforms) = preSolution
		Debug|Any CPU = Debug|Any CPU
		Release|Any CPU = Release|Any CPU
	EndGlobalSection
	GlobalSection(ProjectConfigurationPlatforms) = postSolution
		{21C5F2BC-D231-4DAD-8288-38F3A5F35B00}.Debug|Any CPU.ActiveCfg = Debug|Any CPU
		{21C5F2BC-D231-4DAD-8288-38F3A5F35B00}.Debug|Any CPU.Build.0 = Debug|Any CPU
		{21C5F2BC-D231-4DAD-8288-38F3A5F35B00}.Release|Any CPU.ActiveCfg = Release|Any CPU
		{21C5F2BC-D231-4DAD-8288-38F3A5F35B00}.Release|Any CPU.Build.0 = Release|Any CPU
		{5E9BDB46-B018-4015-AE34-9BE6F0E29185}.Debug|Any CPU.ActiveCfg = Debug|Any CPU
		{5E9BDB46-B018-4015-AE34-9BE6F0E29185}.Debug|Any CPU.Build.0 = Debug|Any CPU
		{5E9BDB46-B018-4015-AE34-9BE6F0E29185}.Release|Any CPU.ActiveCfg = Release|Any CPU
		{5E9BDB46-B018-4015-AE34-9BE6F0E29185}.Release|Any CPU.Build.0 = Release|Any CPU
	EndGlobalSection
	GlobalSection(SolutionProperties) = preSolution
		HideSolutionNode = FALSE
	EndGlobalSection
	GlobalSection(ExtensibilityGlobals) = postSolution
		SolutionGuid = {633791CA-4255-473E-A197-6FC4CE2C5ED2}
	EndGlobalSection
EndGlobal
