
Microsoft Visual Studio Solution File, Format Version 12.00
# Visual Studio Version 16
VisualStudioVersion = 16.0.29709.97
MinimumVisualStudioVersion = 10.0.40219.1
Project("{FAE04EC0-301F-11D3-BF4B-00C04F79EFBC}") = "Struct", "Struct\Struct.csproj", "{1637DDAD-6EC1-44F3-A3CE-69A4596129BB}"
EndProject
Global
	GlobalSection(SolutionConfigurationPlatforms) = preSolution
		Debug|Any CPU = Debug|Any CPU
		Release|Any CPU = Release|Any CPU
	EndGlobalSection
	GlobalSection(ProjectConfigurationPlatforms) = postSolution
		{1637DDAD-6EC1-44F3-A3CE-69A4596129BB}.Debug|Any CPU.ActiveCfg = Debug|Any CPU
		{1637DDAD-6EC1-44F3-A3CE-69A4596129BB}.Debug|Any CPU.Build.0 = Debug|Any CPU
		{1637DDAD-6EC1-44F3-A3CE-69A4596129BB}.Release|Any CPU.ActiveCfg = Release|Any CPU
		{1637DDAD-6EC1-44F3-A3CE-69A4596129BB}.Release|Any CPU.Build.0 = Release|Any CPU
	EndGlobalSection
	GlobalSection(SolutionProperties) = preSolution
		HideSolutionNode = FALSE
	EndGlobalSection
	GlobalSection(ExtensibilityGlobals) = postSolution
		SolutionGuid = {F9D3721D-ADF1-442B-BF10-C6881C3172BB}
	EndGlobalSection
EndGlobal
