
Microsoft Visual Studio Solution File, Format Version 12.00
# Visual Studio Version 16
VisualStudioVersion = 16.0.29709.97
MinimumVisualStudioVersion = 10.0.40219.1
Project("{FAE04EC0-301F-11D3-BF4B-00C04F79EFBC}") = "TreesAndGraphs", "TreesAndGraphs\TreesAndGraphs.csproj", "{6387E423-D73F-4E17-A09A-61737401C559}"
EndProject
Global
	GlobalSection(SolutionConfigurationPlatforms) = preSolution
		Debug|Any CPU = Debug|Any CPU
		Release|Any CPU = Release|Any CPU
	EndGlobalSection
	GlobalSection(ProjectConfigurationPlatforms) = postSolution
		{6387E423-D73F-4E17-A09A-61737401C559}.Debug|Any CPU.ActiveCfg = Debug|Any CPU
		{6387E423-D73F-4E17-A09A-61737401C559}.Debug|Any CPU.Build.0 = Debug|Any CPU
		{6387E423-D73F-4E17-A09A-61737401C559}.Release|Any CPU.ActiveCfg = Release|Any CPU
		{6387E423-D73F-4E17-A09A-61737401C559}.Release|Any CPU.Build.0 = Release|Any CPU
	EndGlobalSection
	GlobalSection(SolutionProperties) = preSolution
		HideSolutionNode = FALSE
	EndGlobalSection
	GlobalSection(ExtensibilityGlobals) = postSolution
		SolutionGuid = {D42AB03B-AC9F-45F5-867D-63989C345F0C}
	EndGlobalSection
EndGlobal
